
Microsoft Visual Studio Solution File, Format Version 12.00
# Visual Studio 15
VisualStudioVersion = 15.0.27130.2036
MinimumVisualStudioVersion = 10.0.40219.1
Project("{FAE04EC0-301F-11D3-BF4B-00C04F79EFBC}") = "CustomAuth", "CustomAuth\CustomAuth.csproj", "{93F37E0D-6AC9-4CDF-AA5A-9F80D1ACEBF5}"
EndProject
Global
	GlobalSection(SolutionConfigurationPlatforms) = preSolution
		Debug|Any CPU = Debug|Any CPU
		Release|Any CPU = Release|Any CPU
	EndGlobalSection
	GlobalSection(ProjectConfigurationPlatforms) = postSolution
		{93F37E0D-6AC9-4CDF-AA5A-9F80D1ACEBF5}.Debug|Any CPU.ActiveCfg = Debug|Any CPU
		{93F37E0D-6AC9-4CDF-AA5A-9F80D1ACEBF5}.Debug|Any CPU.Build.0 = Debug|Any CPU
		{93F37E0D-6AC9-4CDF-AA5A-9F80D1ACEBF5}.Release|Any CPU.ActiveCfg = Release|Any CPU
		{93F37E0D-6AC9-4CDF-AA5A-9F80D1ACEBF5}.Release|Any CPU.Build.0 = Release|Any CPU
	EndGlobalSection
	GlobalSection(SolutionProperties) = preSolution
		HideSolutionNode = FALSE
	EndGlobalSection
	GlobalSection(ExtensibilityGlobals) = postSolution
		SolutionGuid = {DE75A88D-6B7F-4E0B-B83E-ED5E0198A6CC}
	EndGlobalSection
EndGlobal
